
Microsoft Visual Studio Solution File, Format Version 12.00
# Visual Studio Version 16
VisualStudioVersion = 16.0.30002.166
MinimumVisualStudioVersion = 10.0.40219.1
Project("{FAE04EC0-301F-11D3-BF4B-00C04F79EFBC}") = "Aplikacja_1", "Aplikacja_1\Aplikacja_1.csproj", "{16F1D94E-F361-43B3-B44A-DAFF98D5B73A}"
EndProject
Global
	GlobalSection(SolutionConfigurationPlatforms) = preSolution
		Debug|Any CPU = Debug|Any CPU
		Release|Any CPU = Release|Any CPU
	EndGlobalSection
	GlobalSection(ProjectConfigurationPlatforms) = postSolution
		{16F1D94E-F361-43B3-B44A-DAFF98D5B73A}.Debug|Any CPU.ActiveCfg = Debug|Any CPU
		{16F1D94E-F361-43B3-B44A-DAFF98D5B73A}.Debug|Any CPU.Build.0 = Debug|Any CPU
		{16F1D94E-F361-43B3-B44A-DAFF98D5B73A}.Release|Any CPU.ActiveCfg = Release|Any CPU
		{16F1D94E-F361-43B3-B44A-DAFF98D5B73A}.Release|Any CPU.Build.0 = Release|Any CPU
	EndGlobalSection
	GlobalSection(SolutionProperties) = preSolution
		HideSolutionNode = FALSE
	EndGlobalSection
	GlobalSection(ExtensibilityGlobals) = postSolution
		SolutionGuid = {B2C25594-401B-437A-8EB1-9A6BC58F1E67}
	EndGlobalSection
EndGlobal
